
Microsoft Visual Studio Solution File, Format Version 12.00
# Visual Studio Version 17
VisualStudioVersion = 17.4.33205.214
MinimumVisualStudioVersion = 10.0.40219.1
Project("{8BC9CEB8-8B4A-11D0-8D11-00A0C91BC942}") = "SeaBattle3", "SeaBattle3\SeaBattle3.vcxproj", "{380D3F32-79D0-4FDA-9003-91D28895A596}"
EndProject
Global
	GlobalSection(SolutionConfigurationPlatforms) = preSolution
		Debug|x64 = Debug|x64
		Debug|x86 = Debug|x86
		Release|x64 = Release|x64
		Release|x86 = Release|x86
	EndGlobalSection
	GlobalSection(ProjectConfigurationPlatforms) = postSolution
		{380D3F32-79D0-4FDA-9003-91D28895A596}.Debug|x64.ActiveCfg = Debug|x64
		{380D3F32-79D0-4FDA-9003-91D28895A596}.Debug|x64.Build.0 = Debug|x64
		{380D3F32-79D0-4FDA-9003-91D28895A596}.Debug|x86.ActiveCfg = Debug|Win32
		{380D3F32-79D0-4FDA-9003-91D28895A596}.Debug|x86.Build.0 = Debug|Win32
		{380D3F32-79D0-4FDA-9003-91D28895A596}.Release|x64.ActiveCfg = Release|x64
		{380D3F32-79D0-4FDA-9003-91D28895A596}.Release|x64.Build.0 = Release|x64
		{380D3F32-79D0-4FDA-9003-91D28895A596}.Release|x86.ActiveCfg = Release|Win32
		{380D3F32-79D0-4FDA-9003-91D28895A596}.Release|x86.Build.0 = Release|Win32
	EndGlobalSection
	GlobalSection(SolutionProperties) = preSolution
		HideSolutionNode = FALSE
	EndGlobalSection
	GlobalSection(ExtensibilityGlobals) = postSolution
		SolutionGuid = {A2A1E64F-F024-4465-B4D8-56173FD2F85C}
	EndGlobalSection
EndGlobal
